
Microsoft Visual Studio Solution File, Format Version 12.00
# Visual Studio Version 16
VisualStudioVersion = 16.0.29709.97
MinimumVisualStudioVersion = 10.0.40219.1
Project("{FAE04EC0-301F-11D3-BF4B-00C04F79EFBC}") = "Pythagourus", "Pythagourus\Pythagourus.csproj", "{D8BCD2E6-1DA3-4F01-B4E7-52E235D0B617}"
EndProject
Global
	GlobalSection(SolutionConfigurationPlatforms) = preSolution
		Debug|Any CPU = Debug|Any CPU
		Release|Any CPU = Release|Any CPU
	EndGlobalSection
	GlobalSection(ProjectConfigurationPlatforms) = postSolution
		{D8BCD2E6-1DA3-4F01-B4E7-52E235D0B617}.Debug|Any CPU.ActiveCfg = Debug|Any CPU
		{D8BCD2E6-1DA3-4F01-B4E7-52E235D0B617}.Debug|Any CPU.Build.0 = Debug|Any CPU
		{D8BCD2E6-1DA3-4F01-B4E7-52E235D0B617}.Release|Any CPU.ActiveCfg = Release|Any CPU
		{D8BCD2E6-1DA3-4F01-B4E7-52E235D0B617}.Release|Any CPU.Build.0 = Release|Any CPU
	EndGlobalSection
	GlobalSection(SolutionProperties) = preSolution
		HideSolutionNode = FALSE
	EndGlobalSection
	GlobalSection(ExtensibilityGlobals) = postSolution
		SolutionGuid = {D3F4343A-2E7C-4241-9594-8AFE9A34CD74}
	EndGlobalSection
EndGlobal
